
Microsoft Visual Studio Solution File, Format Version 12.00
# Visual Studio 15
VisualStudioVersion = 15.0.28307.1500
MinimumVisualStudioVersion = 10.0.40219.1
Project("{9A19103F-16F7-4668-BE54-9A1E7A4F7556}") = "libBAUtilCoreCS", "libBAUtilCoreCS\libBAUtilCoreCS.csproj", "{E4A37621-3FC1-4683-8F20-6BF156791202}"
EndProject
Project("{FAE04EC0-301F-11D3-BF4B-00C04F79EFBC}") = "libBAUtilCSCoreTest", "libBAUtilCSCoreTest\libBAUtilCSCoreTest.csproj", "{434D951B-28FD-4DF8-8690-383B18C5CA61}"
	ProjectSection(ProjectDependencies) = postProject
		{E4A37621-3FC1-4683-8F20-6BF156791202} = {E4A37621-3FC1-4683-8F20-6BF156791202}
	EndProjectSection
EndProject
Global
	GlobalSection(SolutionConfigurationPlatforms) = preSolution
		Debug|Any CPU = Debug|Any CPU
		Release|Any CPU = Release|Any CPU
	EndGlobalSection
	GlobalSection(ProjectConfigurationPlatforms) = postSolution
		{E4A37621-3FC1-4683-8F20-6BF156791202}.Debug|Any CPU.ActiveCfg = Debug|Any CPU
		{E4A37621-3FC1-4683-8F20-6BF156791202}.Debug|Any CPU.Build.0 = Debug|Any CPU
		{E4A37621-3FC1-4683-8F20-6BF156791202}.Release|Any CPU.ActiveCfg = Release|Any CPU
		{E4A37621-3FC1-4683-8F20-6BF156791202}.Release|Any CPU.Build.0 = Release|Any CPU
		{434D951B-28FD-4DF8-8690-383B18C5CA61}.Debug|Any CPU.ActiveCfg = Debug|Any CPU
		{434D951B-28FD-4DF8-8690-383B18C5CA61}.Debug|Any CPU.Build.0 = Debug|Any CPU
		{434D951B-28FD-4DF8-8690-383B18C5CA61}.Release|Any CPU.ActiveCfg = Release|Any CPU
		{434D951B-28FD-4DF8-8690-383B18C5CA61}.Release|Any CPU.Build.0 = Release|Any CPU
	EndGlobalSection
	GlobalSection(SolutionProperties) = preSolution
		HideSolutionNode = FALSE
	EndGlobalSection
	GlobalSection(ExtensibilityGlobals) = postSolution
		SolutionGuid = {B605C0EF-DB03-4D9D-9EE5-DD2D2C375FBF}
	EndGlobalSection
EndGlobal
